// !$*UTF8*$!
{
	archiveVersion = 1;
	classes = {
	};
	objectVersion = 46;
	objects = {

/* Begin PBXBuildFile section */
		3D0342471A63DC1700A2B694 /* main.m in Sources */ = {isa = PBXBuildFile; fileRef = 3D0342461A63DC1700A2B694 /* main.m */; };
		3D03424A1A63DC1700A2B694 /* AppDelegate.m in Sources */ = {isa = PBXBuildFile; fileRef = 3D0342491A63DC1700A2B694 /* AppDelegate.m */; };
		3D03424D1A63DC1700A2B694 /* ViewController.m in Sources */ = {isa = PBXBuildFile; fileRef = 3D03424C1A63DC1700A2B694 /* ViewController.m */; };
		3D0342501A63DC1700A2B694 /* Main.storyboard in Resources */ = {isa = PBXBuildFile; fileRef = 3D03424E1A63DC1700A2B694 /* Main.storyboard */; };
		3D0342521A63DC1700A2B694 /* Images.xcassets in Resources */ = {isa = PBXBuildFile; fileRef = 3D0342511A63DC1700A2B694 /* Images.xcassets */; };
		3D0342551A63DC1700A2B694 /* LaunchScreen.xib in Resources */ = {isa = PBXBuildFile; fileRef = 3D0342531A63DC1700A2B694 /* LaunchScreen.xib */; };
		3D0342611A63DC1700A2B694 /* QR_Code_Generator_DemoTests.m in Sources */ = {isa = PBXBuildFile; fileRef = 3D0342601A63DC1700A2B694 /* QR_Code_Generator_DemoTests.m */; };
		3D03426D1A63DCD500A2B694 /* MDQRCodeGenerator.m in Sources */ = {isa = PBXBuildFile; fileRef = 3D03426C1A63DCD500A2B694 /* MDQRCodeGenerator.m */; };
/* End PBXBuildFile section */

/* Begin PBXContainerItemProxy section */
		3D03425B1A63DC1700A2B694 /* PBXContainerItemProxy */ = {
			isa = PBXContainerItemProxy;
			containerPortal = 3D0342391A63DC1700A2B694 /* Project object */;
			proxyType = 1;
			remoteGlobalIDString = 3D0342401A63DC1700A2B694;
			remoteInfo = "QR Code Generator Demo";
		};
/* End PBXContainerItemProxy section */

/* Begin PBXFileReference section */
		3D0342411A63DC1700A2B694 /* QR Code Generator Demo.app */ = {isa = PBXFileReference; explicitFileType = wrapper.application; includeInIndex = 0; path = "QR Code Generator Demo.app"; sourceTree = BUILT_PRODUCTS_DIR; };
		3D0342451A63DC1700A2B694 /* Info.plist */ = {isa = PBXFileReference; lastKnownFileType = text.plist.xml; path = Info.plist; sourceTree = "<group>"; };
		3D0342461A63DC1700A2B694 /* main.m */ = {isa = PBXFileReference; lastKnownFileType = sourcecode.c.objc; path = main.m; sourceTree = "<group>"; };
		3D0342481A63DC1700A2B694 /* AppDelegate.h */ = {isa = PBXFileReference; lastKnownFileType = sourcecode.c.h; path = AppDelegate.h; sourceTree = "<group>"; };
		3D0342491A63DC1700A2B694 /* AppDelegate.m */ = {isa = PBXFileReference; lastKnownFileType = sourcecode.c.objc; path = AppDelegate.m; sourceTree = "<group>"; };
		3D03424B1A63DC1700A2B694 /* ViewController.h */ = {isa = PBXFileReference; lastKnownFileType = sourcecode.c.h; path = ViewController.h; sourceTree = "<group>"; };
		3D03424C1A63DC1700A2B694 /* ViewController.m */ = {isa = PBXFileReference; lastKnownFileType = sourcecode.c.objc; path = ViewController.m; sourceTree = "<group>"; };
		3D03424F1A63DC1700A2B694 /* Base */ = {isa = PBXFileReference; lastKnownFileType = file.storyboard; name = Base; path = Base.lproj/Main.storyboard; sourceTree = "<group>"; };
		3D0342511A63DC1700A2B694 /* Images.xcassets */ = {isa = PBXFileReference; lastKnownFileType = folder.assetcatalog; path = Images.xcassets; sourceTree = "<group>"; };
		3D0342541A63DC1700A2B694 /* Base */ = {isa = PBXFileReference; lastKnownFileType = file.xib; name = Base; path = Base.lproj/LaunchScreen.xib; sourceTree = "<group>"; };
		3D03425A1A63DC1700A2B694 /* QR Code Generator DemoTests.xctest */ = {isa = PBXFileReference; explicitFileType = wrapper.cfbundle; includeInIndex = 0; path = "QR Code Generator DemoTests.xctest"; sourceTree = BUILT_PRODUCTS_DIR; };
		3D03425F1A63DC1700A2B694 /* Info.plist */ = {isa = PBXFileReference; lastKnownFileType = text.plist.xml; path = Info.plist; sourceTree = "<group>"; };
		3D0342601A63DC1700A2B694 /* QR_Code_Generator_DemoTests.m */ = {isa = PBXFileReference; lastKnownFileType = sourcecode.c.objc; path = QR_Code_Generator_DemoTests.m; sourceTree = "<group>"; };
		3D03426B1A63DCD500A2B694 /* MDQRCodeGenerator.h */ = {isa = PBXFileReference; fileEncoding = 4; lastKnownFileType = sourcecode.c.h; path = MDQRCodeGenerator.h; sourceTree = "<group>"; };
		3D03426C1A63DCD500A2B694 /* MDQRCodeGenerator.m */ = {isa = PBXFileReference; fileEncoding = 4; lastKnownFileType = sourcecode.c.objc; path = MDQRCodeGenerator.m; sourceTree = "<group>"; };
/* End PBXFileReference section */

/* Begin PBXFrameworksBuildPhase section */
		3D03423E1A63DC1700A2B694 /* Frameworks */ = {
			isa = PBXFrameworksBuildPhase;
			buildActionMask = 2147483647;
			files = (
			);
			runOnlyForDeploymentPostprocessing = 0;
		};
		3D0342571A63DC1700A2B694 /* Frameworks */ = {
			isa = PBXFrameworksBuildPhase;
			buildActionMask = 2147483647;
			files = (
			);
			runOnlyForDeploymentPostprocessing = 0;
		};
/* End PBXFrameworksBuildPhase section */

/* Begin PBXGroup section */
		3D0342381A63DC1700A2B694 = {
			isa = PBXGroup;
			children = (
				3D03426A1A63DCD500A2B694 /* Classes */,
				3D0342431A63DC1700A2B694 /* QR Code Generator Demo */,
				3D03425D1A63DC1700A2B694 /* QR Code Generator DemoTests */,
				3D0342421A63DC1700A2B694 /* Products */,
			);
			sourceTree = "<group>";
		};
		3D0342421A63DC1700A2B694 /* Products */ = {
			isa = PBXGroup;
			children = (
				3D0342411A63DC1700A2B694 /* QR Code Generator Demo.app */,
				3D03425A1A63DC1700A2B694 /* QR Code Generator DemoTests.xctest */,
			);
			name = Products;
			sourceTree = "<group>";
		};
		3D0342431A63DC1700A2B694 /* QR Code Generator Demo */ = {
			isa = PBXGroup;
			children = (
				3D0342481A63DC1700A2B694 /* AppDelegate.h */,
				3D0342491A63DC1700A2B694 /* AppDelegate.m */,
				3D03424B1A63DC1700A2B694 /* ViewController.h */,
				3D03424C1A63DC1700A2B694 /* ViewController.m */,
				3D03424E1A63DC1700A2B694 /* Main.storyboard */,
				3D0342511A63DC1700A2B694 /* Images.xcassets */,
				3D0342531A63DC1700A2B694 /* LaunchScreen.xib */,
				3D0342441A63DC1700A2B694 /* Supporting Files */,
			);
			path = "QR Code Generator Demo";
			sourceTree = "<group>";
		};
		3D0342441A63DC1700A2B694 /* Supporting Files */ = {
			isa = PBXGroup;
			children = (
				3D0342451A63DC1700A2B694 /* Info.plist */,
				3D0342461A63DC1700A2B694 /* main.m */,
			);
			name = "Supporting Files";
			sourceTree = "<group>";
		};
		3D03425D1A63DC1700A2B694 /* QR Code Generator DemoTests */ = {
			isa = PBXGroup;
			children = (
				3D0342601A63DC1700A2B694 /* QR_Code_Generator_DemoTests.m */,
				3D03425E1A63DC1700A2B694 /* Supporting Files */,
			);
			path = "QR Code Generator DemoTests";
			sourceTree = "<group>";
		};
		3D03425E1A63DC1700A2B694 /* Supporting Files */ = {
			isa = PBXGroup;
			children = (
				3D03425F1A63DC1700A2B694 /* Info.plist */,
			);
			name = "Supporting Files";
			sourceTree = "<group>";
		};
		3D03426A1A63DCD500A2B694 /* Classes */ = {
			isa = PBXGroup;
			children = (
				3D03426B1A63DCD500A2B694 /* MDQRCodeGenerator.h */,
				3D03426C1A63DCD500A2B694 /* MDQRCodeGenerator.m */,
			);
			name = Classes;
			path = ../Classes;
			sourceTree = "<group>";
		};
/* End PBXGroup section */

/* Begin PBXNativeTarget section */
		3D0342401A63DC1700A2B694 /* QR Code Generator Demo */ = {
			isa = PBXNativeTarget;
			buildConfigurationList = 3D0342641A63DC1700A2B694 /* Build configuration list for PBXNativeTarget "QR Code Generator Demo" */;
			buildPhases = (
				3D03423D1A63DC1700A2B694 /* Sources */,
				3D03423E1A63DC1700A2B694 /* Frameworks */,
				3D03423F1A63DC1700A2B694 /* Resources */,
			);
			buildRules = (
			);
			dependencies = (
			);
			name = "QR Code Generator Demo";
			productName = "QR Code Generator Demo";
			productReference = 3D0342411A63DC1700A2B694 /* QR Code Generator Demo.app */;
			productType = "com.apple.product-type.application";
		};
		3D0342591A63DC1700A2B694 /* QR Code Generator DemoTests */ = {
			isa = PBXNativeTarget;
			buildConfigurationList = 3D0342671A63DC1700A2B694 /* Build configuration list for PBXNativeTarget "QR Code Generator DemoTests" */;
			buildPhases = (
				3D0342561A63DC1700A2B694 /* Sources */,
				3D0342571A63DC1700A2B694 /* Frameworks */,
				3D0342581A63DC1700A2B694 /* Resources */,
			);
			buildRules = (
			);
			dependencies = (
				3D03425C1A63DC1700A2B694 /* PBXTargetDependency */,
			);
			name = "QR Code Generator DemoTests";
			productName = "QR Code Generator DemoTests";
			productReference = 3D03425A1A63DC1700A2B694 /* QR Code Generator DemoTests.xctest */;
			productType = "com.apple.product-type.bundle.unit-test";
		};
/* End PBXNativeTarget section */

/* Begin PBXProject section */
		3D0342391A63DC1700A2B694 /* Project object */ = {
			isa = PBXProject;
			attributes = {
				LastUpgradeCheck = 0610;
				ORGANIZATIONNAME = "mohamed mohamed El Dehairy";
				TargetAttributes = {
					3D0342401A63DC1700A2B694 = {
						CreatedOnToolsVersion = 6.1.1;
					};
					3D0342591A63DC1700A2B694 = {
						CreatedOnToolsVersion = 6.1.1;
						TestTargetID = 3D0342401A63DC1700A2B694;
					};
				};
			};
			buildConfigurationList = 3D03423C1A63DC1700A2B694 /* Build configuration list for PBXProject "QR Code Generator Demo" */;
			compatibilityVersion = "Xcode 3.2";
			developmentRegion = English;
			hasScannedForEncodings = 0;
			knownRegions = (
				en,
				Base,
			);
			mainGroup = 3D0342381A63DC1700A2B694;
			productRefGroup = 3D0342421A63DC1700A2B694 /* Products */;
			projectDirPath = "";
			projectRoot = "";
			targets = (
				3D0342401A63DC1700A2B694 /* QR Code Generator Demo */,
				3D0342591A63DC1700A2B694 /* QR Code Generator DemoTests */,
			);
		};
/* End PBXProject section */

/* Begin PBXResourcesBuildPhase section */
		3D03423F1A63DC1700A2B694 /* Resources */ = {
			isa = PBXResourcesBuildPhase;
			buildActionMask = 2147483647;
			files = (
				3D0342501A63DC1700A2B694 /* Main.storyboard in Resources */,
				3D0342551A63DC1700A2B694 /* LaunchScreen.xib in Resources */,
				3D0342521A63DC1700A2B694 /* Images.xcassets in Resources */,
			);
			runOnlyForDeploymentPostprocessing = 0;
		};
		3D0342581A63DC1700A2B694 /* Resources */ = {
			isa = PBXResourcesBuildPhase;
			buildActionMask = 2147483647;
			files = (
			);
			runOnlyForDeploymentPostprocessing = 0;
		};
/* End PBXResourcesBuildPhase section */

/* Begin PBXSourcesBuildPhase section */
		3D03423D1A63DC1700A2B694 /* Sources */ = {
			isa = PBXSourcesBuildPhase;
			buildActionMask = 2147483647;
			files = (
				3D03426D1A63DCD500A2B694 /* MDQRCodeGenerator.m in Sources */,
				3D03424D1A63DC1700A2B694 /* ViewController.m in Sources */,
				3D03424A1A63DC1700A2B694 /* AppDelegate.m in Sources */,
				3D0342471A63DC1700A2B694 /* main.m in Sources */,
			);
			runOnlyForDeploymentPostprocessing = 0;
		};
		3D0342561A63DC1700A2B694 /* Sources */ = {
			isa = PBXSourcesBuildPhase;
			buildActionMask = 2147483647;
			files = (
				3D0342611A63DC1700A2B694 /* QR_Code_Generator_DemoTests.m in Sources */,
			);
			runOnlyForDeploymentPostprocessing = 0;
		};
/* End PBXSourcesBuildPhase section */

/* Begin PBXTargetDependency section */
		3D03425C1A63DC1700A2B694 /* PBXTargetDependency */ = {
			isa = PBXTargetDependency;
			target = 3D0342401A63DC1700A2B694 /* QR Code Generator Demo */;
			targetProxy = 3D03425B1A63DC1700A2B694 /* PBXContainerItemProxy */;
		};
/* End PBXTargetDependency section */

/* Begin PBXVariantGroup section */
		3D03424E1A63DC1700A2B694 /* Main.storyboard */ = {
			isa = PBXVariantGroup;
			children = (
				3D03424F1A63DC1700A2B694 /* Base */,
			);
			name = Main.storyboard;
			sourceTree = "<group>";
		};
		3D0342531A63DC1700A2B694 /* LaunchScreen.xib */ = {
			isa = PBXVariantGroup;
			children = (
				3D0342541A63DC1700A2B694 /* Base */,
			);
			name = LaunchScreen.xib;
			sourceTree = "<group>";
		};
/* End PBXVariantGroup section */

/* Begin XCBuildConfiguration section */
		3D0342621A63DC1700A2B694 /* Debug */ = {
			isa = XCBuildConfiguration;
			buildSettings = {
				ALWAYS_SEARCH_USER_PATHS = NO;
				CLANG_CXX_LANGUAGE_STANDARD = "gnu++0x";
				CLANG_CXX_LIBRARY = "libc++";
				CLANG_ENABLE_MODULES = YES;
				CLANG_ENABLE_OBJC_ARC = YES;
				CLANG_WARN_BOOL_CONVERSION = YES;
				CLANG_WARN_CONSTANT_CONVERSION = YES;
				CLANG_WARN_DIRECT_OBJC_ISA_USAGE = YES_ERROR;
				CLANG_WARN_EMPTY_BODY = YES;
				CLANG_WARN_ENUM_CONVERSION = YES;
				CLANG_WARN_INT_CONVERSION = YES;
				CLANG_WARN_OBJC_ROOT_CLASS = YES_ERROR;
				CLANG_WARN_UNREACHABLE_CODE = YES;
				CLANG_WARN__DUPLICATE_METHOD_MATCH = YES;
				"CODE_SIGN_IDENTITY[sdk=iphoneos*]" = "iPhone Developer";
				COPY_PHASE_STRIP = NO;
				ENABLE_STRICT_OBJC_MSGSEND = YES;
				GCC_C_LANGUAGE_STANDARD = gnu99;
				GCC_DYNAMIC_NO_PIC = NO;
				GCC_OPTIMIZATION_LEVEL = 0;
				GCC_PREPROCESSOR_DEFINITIONS = (
					"DEBUG=1",
					"$(inherited)",
				);
				GCC_SYMBOLS_PRIVATE_EXTERN = NO;
				GCC_WARN_64_TO_32_BIT_CONVERSION = YES;
				GCC_WARN_ABOUT_RETURN_TYPE = YES_ERROR;
				GCC_WARN_UNDECLARED_SELECTOR = YES;
				GCC_WARN_UNINITIALIZED_AUTOS = YES_AGGRESSIVE;
				GCC_WARN_UNUSED_FUNCTION = YES;
				GCC_WARN_UNUSED_VARIABLE = YES;
				IPHONEOS_DEPLOYMENT_TARGET = 8.1;
				MTL_ENABLE_DEBUG_INFO = YES;
				ONLY_ACTIVE_ARCH = YES;
				SDKROOT = iphoneos;
			};
			name = Debug;
		};
		3D0342631A63DC1700A2B694 /* Release */ = {
			isa = XCBuildConfiguration;
			buildSettings = {
				ALWAYS_SEARCH_USER_PATHS = NO;
				CLANG_CXX_LANGUAGE_STANDARD = "gnu++0x";
				CLANG_CXX_LIBRARY = "libc++";
				CLANG_ENABLE_MODULES = YES;
				CLANG_ENABLE_OBJC_ARC = YES;
				CLANG_WARN_BOOL_CONVERSION = YES;
				CLANG_WARN_CONSTANT_CONVERSION = YES;
				CLANG_WARN_DIRECT_OBJC_ISA_USAGE = YES_ERROR;
				CLANG_WARN_EMPTY_BODY = YES;
				CLANG_WARN_ENUM_CONVERSION = YES;
				CLANG_WARN_INT_CONVERSION = YES;
				CLANG_WARN_OBJC_ROOT_CLASS = YES_ERROR;
				CLANG_WARN_UNREACHABLE_CODE = YES;
				CLANG_WARN__DUPLICATE_METHOD_MATCH = YES;
				"CODE_SIGN_IDENTITY[sdk=iphoneos*]" = "iPhone Developer";
				COPY_PHASE_STRIP = YES;
				ENABLE_NS_ASSERTIONS = NO;
				ENABLE_STRICT_OBJC_MSGSEND = YES;
				GCC_C_LANGUAGE_STANDARD = gnu99;
				GCC_WARN_64_TO_32_BIT_CONVERSION = YES;
				GCC_WARN_ABOUT_RETURN_TYPE = YES_ERROR;
				GCC_WARN_UNDECLARED_SELECTOR = YES;
				GCC_WARN_UNINITIALIZED_AUTOS = YES_AGGRESSIVE;
				GCC_WARN_UNUSED_FUNCTION = YES;
				GCC_WARN_UNUSED_VARIABLE = YES;
				IPHONEOS_DEPLOYMENT_TARGET = 8.1;
				MTL_ENABLE_DEBUG_INFO = NO;
				SDKROOT = iphoneos;
				VALIDATE_PRODUCT = YES;
			};
			name = Release;
		};
		3D0342651A63DC1700A2B694 /* Debug */ = {
			isa = XCBuildConfiguration;
			buildSettings = {
				ASSETCATALOG_COMPILER_APPICON_NAME = AppIcon;
				INFOPLIST_FILE = "QR Code Generator Demo/Info.plist";
				IPHONEOS_DEPLOYMENT_TARGET = 7.0;
				LD_RUNPATH_SEARCH_PATHS = "$(inherited) @executable_path/Frameworks";
				PRODUCT_NAME = "$(TARGET_NAME)";
			};
			name = Debug;
		};
		3D0342661A63DC1700A2B694 /* Release */ = {
			isa = XCBuildConfiguration;
			buildSettings = {
				ASSETCATALOG_COMPILER_APPICON_NAME = AppIcon;
				INFOPLIST_FILE = "QR Code Generator Demo/Info.plist";
				IPHONEOS_DEPLOYMENT_TARGET = 7.0;
				LD_RUNPATH_SEARCH_PATHS = "$(inherited) @executable_path/Frameworks";
				PRODUCT_NAME = "$(TARGET_NAME)";
			};
			name = Release;
		};
		3D0342681A63DC1700A2B694 /* Debug */ = {
			isa = XCBuildConfiguration;
			buildSettings = {
				BUNDLE_LOADER = "$(TEST_HOST)";
				FRAMEWORK_SEARCH_PATHS = (
					"$(SDKROOT)/Developer/Library/Frameworks",
					"$(inherited)",
				);
				GCC_PREPROCESSOR_DEFINITIONS = (
					"DEBUG=1",
					"$(inherited)",
				);
				INFOPLIST_FILE = "QR Code Generator DemoTests/Info.plist";
				LD_RUNPATH_SEARCH_PATHS = "$(inherited) @executable_path/Frameworks @loader_path/Frameworks";
				PRODUCT_NAME = "$(TARGET_NAME)";
				TEST_HOST = "$(BUILT_PRODUCTS_DIR)/QR Code Generator Demo.app/QR Code Generator Demo";
			};
			name = Debug;
		};
		3D0342691A63DC1700A2B694 /* Release */ = {
			isa = XCBuildConfiguration;
			buildSettings = {
				BUNDLE_LOADER = "$(TEST_HOST)";
				FRAMEWORK_SEARCH_PATHS = (
					"$(SDKROOT)/Developer/Library/Frameworks",
					"$(inherited)",
				);
				INFOPLIST_FILE = "QR Code Generator DemoTests/Info.plist";
				LD_RUNPATH_SEARCH_PATHS = "$(inherited) @executable_path/Frameworks @loader_path/Frameworks";
				PRODUCT_NAME = "$(TARGET_NAME)";
				TEST_HOST = "$(BUILT_PRODUCTS_DIR)/QR Code Generator Demo.app/QR Code Generator Demo";
			};
			name = Release;
		};
/* End XCBuildConfiguration section */

/* Begin XCConfigurationList section */
		3D03423C1A63DC1700A2B694 /* Build configuration list for PBXProject "QR Code Generator Demo" */ = {
			isa = XCConfigurationList;
			buildConfigurations = (
				3D0342621A63DC1700A2B694 /* Debug */,
				3D0342631A63DC1700A2B694 /* Release */,
			);
			defaultConfigurationIsVisible = 0;
			defaultConfigurationName = Release;
		};
		3D0342641A63DC1700A2B694 /* Build configuration list for PBXNativeTarget "QR Code Generator Demo" */ = {
			isa = XCConfigurationList;
			buildConfigurations = (
				3D0342651A63DC1700A2B694 /* Debug */,
				3D0342661A63DC1700A2B694 /* Release */,
			);
			defaultConfigurationIsVisible = 0;
			defaultConfigurationName = Release;
		};
		3D0342671A63DC1700A2B694 /* Build configuration list for PBXNativeTarget "QR Code Generator DemoTests" */ = {
			isa = XCConfigurationList;
			buildConfigurations = (
				3D0342681A63DC1700A2B694 /* Debug */,
				3D0342691A63DC1700A2B694 /* Release */,
			);
			defaultConfigurationIsVisible = 0;
			defaultConfigurationName = Release;
		};
/* End XCConfigurationList section */
	};
	rootObject = 3D0342391A63DC1700A2B694 /* Project object */;
}
